{
  "name": "inconspicuous_tonberry",
  "version": "1.0.0",
  "lockfileVersion": 1,
  "requires": true,
  "dependencies": {
    "cssom": {
      "version": "0.2.5",
      "resolved": "https://registry.npmjs.org/cssom/-/cssom-0.2.5.tgz",
      "integrity": "sha1-JoJwm1kC5yEt9SkRb/eIzVslSJQ="
    },
    "debug": {
      "version": "3.1.0",
      "resolved": "https://registry.npmjs.org/debug/-/debug-3.1.0.tgz",
      "integrity": "sha512-OX8XqP7/1a9cqkxYw2yXss15f26NKWBpDXQd0/uK/KPqdQhxbPa994hnzjcE2VqQpDslf55723cKPUOGSmMY3g==",
      "requires": {
        "ms": "2.0.0"
      }
    },
    "foundation": {
      "version": "4.2.1-1",
      "resolved": "https://registry.npmjs.org/foundation/-/foundation-4.2.1-1.tgz",
      "integrity": "sha1-Tkl+LZc3UzM0seaDVM2N0DnLxHs=",
      "requires": {
        "stylus": "0.32.1",
        "stylus-type-utils": "0.0.3"
      }
    },
    "mkdirp": {
      "version": "0.3.5",
      "resolved": "https://registry.npmjs.org/mkdirp/-/mkdirp-0.3.5.tgz",
      "integrity": "sha1-3j5fiWHIjHh+4TaN+EmsRBPsqNc="
    },
    "ms": {
      "version": "2.0.0",
      "resolved": "https://registry.npmjs.org/ms/-/ms-2.0.0.tgz",
      "integrity": "sha1-VgiurfwAvmwpAd9fmGF4jeDVl8g="
    },
    "stylus": {
      "version": "0.32.1",
      "resolved": "https://registry.npmjs.org/stylus/-/stylus-0.32.1.tgz",
      "integrity": "sha1-PSgnW9nxgQhfjdD6UqhVlpaXghI=",
      "requires": {
        "cssom": "0.2.5",
        "debug": "3.1.0",
        "mkdirp": "0.3.5"
      }
    },
    "stylus-type-utils": {
      "version": "0.0.3",
      "resolved": "https://registry.npmjs.org/stylus-type-utils/-/stylus-type-utils-0.0.3.tgz",
      "integrity": "sha1-8EgzRyi7UUTs1ZnGJ1U9tk6gprs="
    }
  }
}
